{
  "name": "oxygen-core",
  "version": "0.0.0",
  "lockfileVersion": 2,
  "requires": true,
  "packages": {
    "": {
      "name": "oxygen-core",
      "version": "0.0.0",
      "license": "MIT",
      "devDependencies": {
        "@napi-rs/cli": "^2.0.0"
      }
    },
    "node_modules/@napi-rs/cli": {
      "version": "2.4.0",
      "resolved": "https://registry.npmjs.org/@napi-rs/cli/-/cli-2.4.0.tgz",
      "integrity": "sha512-rq4ivqWY7KWG104gRxTmWyehE4eUxJ/mBJx81r3PeghtLZ11NpJNuvF9kSvsol8hTjJQ7CWlF2plQ20I9rMOng==",
      "dev": true,
      "bin": {
        "napi": "scripts/index.js"
      },
      "engines": {
        "node": ">= 10"
      },
      "funding": {
        "type": "github",
        "url": "https://github.com/sponsors/Brooooooklyn"
      }
    }
  },
  "dependencies": {
    "@napi-rs/cli": {
      "version": "2.4.0",
      "resolved": "https://registry.npmjs.org/@napi-rs/cli/-/cli-2.4.0.tgz",
      "integrity": "sha512-rq4ivqWY7KWG104gRxTmWyehE4eUxJ/mBJx81r3PeghtLZ11NpJNuvF9kSvsol8hTjJQ7CWlF2plQ20I9rMOng==",
      "dev": true
    }
  }
}
