{
  "name": "oxygen-core",
  "version": "0.0.0",
  "lockfileVersion": 2,
  "requires": true,
  "packages": {
    "": {
      "name": "oxygen-core",
      "version": "0.0.0",
      "license": "MIT",
      "devDependencies": {
        "@napi-rs/cli": "^2.15.2"
      }
    },
    "node_modules/@napi-rs/cli": {
      "version": "2.15.2",
      "resolved": "https://registry.npmjs.org/@napi-rs/cli/-/cli-2.15.2.tgz",
      "integrity": "sha512-80tBCtCnEhAmFtB9oPM0FL74uW7fAmtpeqjvERH7Q1z/aZzCAs/iNfE7U3ehpwg9Q07Ob2Eh/+1guyCdX/p24w==",
      "dev": true,
      "bin": {
        "napi": "scripts/index.js"
      },
      "engines": {
        "node": ">= 10"
      },
      "funding": {
        "type": "github",
        "url": "https://github.com/sponsors/Brooooooklyn"
      }
    }
  },
  "dependencies": {
    "@napi-rs/cli": {
      "version": "2.15.2",
      "resolved": "https://registry.npmjs.org/@napi-rs/cli/-/cli-2.15.2.tgz",
      "integrity": "sha512-80tBCtCnEhAmFtB9oPM0FL74uW7fAmtpeqjvERH7Q1z/aZzCAs/iNfE7U3ehpwg9Q07Ob2Eh/+1guyCdX/p24w==",
      "dev": true
    }
  }
}
