{
  "name": "oxygen-core",
  "version": "0.0.0",
  "lockfileVersion": 2,
  "requires": true,
  "packages": {
    "": {
      "name": "oxygen-core",
      "version": "0.0.0",
      "license": "MIT",
      "devDependencies": {
        "@napi-rs/cli": "^2.0.0"
      }
    },
    "node_modules/@napi-rs/cli": {
      "version": "2.9.0",
      "resolved": "https://registry.npmjs.org/@napi-rs/cli/-/cli-2.9.0.tgz",
      "integrity": "sha512-qZ49ORZJ8rsHlvnnLsJCg9Ik+KfhiIgSea1HDMf6A9KBVxwWCijNhSO8zFvvBr7m1m44cx9WWhnQDnwPqSDeLA==",
      "dev": true,
      "bin": {
        "napi": "scripts/index.js"
      },
      "engines": {
        "node": ">= 10"
      },
      "funding": {
        "type": "github",
        "url": "https://github.com/sponsors/Brooooooklyn"
      }
    }
  },
  "dependencies": {
    "@napi-rs/cli": {
      "version": "2.9.0",
      "resolved": "https://registry.npmjs.org/@napi-rs/cli/-/cli-2.9.0.tgz",
      "integrity": "sha512-qZ49ORZJ8rsHlvnnLsJCg9Ik+KfhiIgSea1HDMf6A9KBVxwWCijNhSO8zFvvBr7m1m44cx9WWhnQDnwPqSDeLA==",
      "dev": true
    }
  }
}
